
Microsoft Visual Studio Solution File, Format Version 12.00
# Visual Studio Version 17
VisualStudioVersion = 17.4.33213.308
MinimumVisualStudioVersion = 10.0.40219.1
Project("{FAE04EC0-301F-11D3-BF4B-00C04F79EFBC}") = "BE-Ventas", "BE-Ventas\BE-Ventas.csproj", "{88AE8A80-9BAA-49C0-9939-8701538AC5E1}"
EndProject
Global
	GlobalSection(SolutionConfigurationPlatforms) = preSolution
		Debug|Any CPU = Debug|Any CPU
		Release|Any CPU = Release|Any CPU
	EndGlobalSection
	GlobalSection(ProjectConfigurationPlatforms) = postSolution
		{88AE8A80-9BAA-49C0-9939-8701538AC5E1}.Debug|Any CPU.ActiveCfg = Debug|Any CPU
		{88AE8A80-9BAA-49C0-9939-8701538AC5E1}.Debug|Any CPU.Build.0 = Debug|Any CPU
		{88AE8A80-9BAA-49C0-9939-8701538AC5E1}.Release|Any CPU.ActiveCfg = Release|Any CPU
		{88AE8A80-9BAA-49C0-9939-8701538AC5E1}.Release|Any CPU.Build.0 = Release|Any CPU
	EndGlobalSection
	GlobalSection(SolutionProperties) = preSolution
		HideSolutionNode = FALSE
	EndGlobalSection
	GlobalSection(ExtensibilityGlobals) = postSolution
		SolutionGuid = {D3A6A43D-B885-49D0-B18A-46733629DE6B}
	EndGlobalSection
EndGlobal
